
Microsoft Visual Studio Solution File, Format Version 12.00
# Visual Studio Version 17
VisualStudioVersion = 17.3.32819.101
MinimumVisualStudioVersion = 10.0.40219.1
Project("{FAE04EC0-301F-11D3-BF4B-00C04F79EFBC}") = "EmployeeAssignment", "EmployeeAssignment\EmployeeAssignment.csproj", "{EC8703E5-47CF-4AC3-8D9F-A9CFF303D78D}"
EndProject
Global
	GlobalSection(SolutionConfigurationPlatforms) = preSolution
		Debug|Any CPU = Debug|Any CPU
		Release|Any CPU = Release|Any CPU
	EndGlobalSection
	GlobalSection(ProjectConfigurationPlatforms) = postSolution
		{EC8703E5-47CF-4AC3-8D9F-A9CFF303D78D}.Debug|Any CPU.ActiveCfg = Debug|Any CPU
		{EC8703E5-47CF-4AC3-8D9F-A9CFF303D78D}.Debug|Any CPU.Build.0 = Debug|Any CPU
		{EC8703E5-47CF-4AC3-8D9F-A9CFF303D78D}.Release|Any CPU.ActiveCfg = Release|Any CPU
		{EC8703E5-47CF-4AC3-8D9F-A9CFF303D78D}.Release|Any CPU.Build.0 = Release|Any CPU
	EndGlobalSection
	GlobalSection(SolutionProperties) = preSolution
		HideSolutionNode = FALSE
	EndGlobalSection
	GlobalSection(ExtensibilityGlobals) = postSolution
		SolutionGuid = {1E08EAEB-F75A-413B-902A-070FECFB3BE2}
	EndGlobalSection
EndGlobal
